
Microsoft Visual Studio Solution File, Format Version 12.00
# Visual Studio Version 16
VisualStudioVersion = 16.0.30804.86
MinimumVisualStudioVersion = 10.0.40219.1
Project("{FAE04EC0-301F-11D3-BF4B-00C04F79EFBC}") = "NSalesWebMvc", "NSalesWebMvc\NSalesWebMvc.csproj", "{ECDA629B-90B1-45D4-9374-C217AADB6B92}"
EndProject
Global
	GlobalSection(SolutionConfigurationPlatforms) = preSolution
		Debug|Any CPU = Debug|Any CPU
		Release|Any CPU = Release|Any CPU
	EndGlobalSection
	GlobalSection(ProjectConfigurationPlatforms) = postSolution
		{ECDA629B-90B1-45D4-9374-C217AADB6B92}.Debug|Any CPU.ActiveCfg = Debug|Any CPU
		{ECDA629B-90B1-45D4-9374-C217AADB6B92}.Debug|Any CPU.Build.0 = Debug|Any CPU
		{ECDA629B-90B1-45D4-9374-C217AADB6B92}.Release|Any CPU.ActiveCfg = Release|Any CPU
		{ECDA629B-90B1-45D4-9374-C217AADB6B92}.Release|Any CPU.Build.0 = Release|Any CPU
	EndGlobalSection
	GlobalSection(SolutionProperties) = preSolution
		HideSolutionNode = FALSE
	EndGlobalSection
	GlobalSection(ExtensibilityGlobals) = postSolution
		SolutionGuid = {A99CC206-97F2-4669-8D3B-02BDEF18CB08}
	EndGlobalSection
EndGlobal
